
Microsoft Visual Studio Solution File, Format Version 12.00
# Visual Studio 15
VisualStudioVersion = 15.0.26403.0
MinimumVisualStudioVersion = 10.0.40219.1
Project("{9A19103F-16F7-4668-BE54-9A1E7A4F7556}") = "NetCoreTests", "NetCoreTests\NetCoreTests.csproj", "{E5B18241-8B22-4741-A0C1-5342BC72EDE6}"
EndProject
Project("{2150E333-8FDC-42A3-9474-1A3956D46DE8}") = "Solution Items", "Solution Items", "{9E719F86-38C3-4757-8374-D43D3E0DC84C}"
	ProjectSection(SolutionItems) = preProject
		NuGet.Config = NuGet.Config
	EndProjectSection
EndProject
Project("{FAE04EC0-301F-11D3-BF4B-00C04F79EFBC}") = "NUnitClrTests", "NUnitClrTests\NUnitClrTests.csproj", "{8EDF4429-251A-416D-BB68-93F227191BCF}"
EndProject
Project("{FAE04EC0-301F-11D3-BF4B-00C04F79EFBC}") = "MoreNetCoreTests", "MoreNetCoreTests\MoreNetCoreTests.csproj", "{2385C59E-86EC-47A9-92E5-180004CCF9A3}"
EndProject
Project("{FAE04EC0-301F-11D3-BF4B-00C04F79EFBC}") = "NUnitClrNewStyleTests", "NUnitClrNewStyleTests\NUnitClrNewStyleTests.csproj", "{825D46BD-4E5C-4FA2-A684-D638CD05B68F}"
EndProject
Project("{FAE04EC0-301F-11D3-BF4B-00C04F79EFBC}") = "XUnitTestProject", "XUnitTestProject\XUnitTestProject.csproj", "{E52CEA0C-7351-428A-88B2-BD1C3306D3AB}"
EndProject
Global
	GlobalSection(SolutionConfigurationPlatforms) = preSolution
		Debug|Any CPU = Debug|Any CPU
		Release|Any CPU = Release|Any CPU
	EndGlobalSection
	GlobalSection(ProjectConfigurationPlatforms) = postSolution
		{E5B18241-8B22-4741-A0C1-5342BC72EDE6}.Debug|Any CPU.ActiveCfg = Debug|Any CPU
		{E5B18241-8B22-4741-A0C1-5342BC72EDE6}.Debug|Any CPU.Build.0 = Debug|Any CPU
		{E5B18241-8B22-4741-A0C1-5342BC72EDE6}.Release|Any CPU.ActiveCfg = Release|Any CPU
		{E5B18241-8B22-4741-A0C1-5342BC72EDE6}.Release|Any CPU.Build.0 = Release|Any CPU
		{8EDF4429-251A-416D-BB68-93F227191BCF}.Debug|Any CPU.ActiveCfg = Debug|Any CPU
		{8EDF4429-251A-416D-BB68-93F227191BCF}.Debug|Any CPU.Build.0 = Debug|Any CPU
		{8EDF4429-251A-416D-BB68-93F227191BCF}.Release|Any CPU.ActiveCfg = Release|Any CPU
		{8EDF4429-251A-416D-BB68-93F227191BCF}.Release|Any CPU.Build.0 = Release|Any CPU
		{2385C59E-86EC-47A9-92E5-180004CCF9A3}.Debug|Any CPU.ActiveCfg = Debug|Any CPU
		{2385C59E-86EC-47A9-92E5-180004CCF9A3}.Debug|Any CPU.Build.0 = Debug|Any CPU
		{2385C59E-86EC-47A9-92E5-180004CCF9A3}.Release|Any CPU.ActiveCfg = Release|Any CPU
		{2385C59E-86EC-47A9-92E5-180004CCF9A3}.Release|Any CPU.Build.0 = Release|Any CPU
		{825D46BD-4E5C-4FA2-A684-D638CD05B68F}.Debug|Any CPU.ActiveCfg = Debug|Any CPU
		{825D46BD-4E5C-4FA2-A684-D638CD05B68F}.Debug|Any CPU.Build.0 = Debug|Any CPU
		{825D46BD-4E5C-4FA2-A684-D638CD05B68F}.Release|Any CPU.ActiveCfg = Release|Any CPU
		{825D46BD-4E5C-4FA2-A684-D638CD05B68F}.Release|Any CPU.Build.0 = Release|Any CPU
		{E52CEA0C-7351-428A-88B2-BD1C3306D3AB}.Debug|Any CPU.ActiveCfg = Debug|Any CPU
		{E52CEA0C-7351-428A-88B2-BD1C3306D3AB}.Debug|Any CPU.Build.0 = Debug|Any CPU
		{E52CEA0C-7351-428A-88B2-BD1C3306D3AB}.Release|Any CPU.ActiveCfg = Release|Any CPU
		{E52CEA0C-7351-428A-88B2-BD1C3306D3AB}.Release|Any CPU.Build.0 = Release|Any CPU
	EndGlobalSection
	GlobalSection(SolutionProperties) = preSolution
		HideSolutionNode = FALSE
	EndGlobalSection
EndGlobal
