
Microsoft Visual Studio Solution File, Format Version 12.00
# Visual Studio 15
VisualStudioVersion = 15.0.26730.10
MinimumVisualStudioVersion = 10.0.40219.1
Project("{2150E333-8FDC-42A3-9474-1A3956D46DE8}") = "Solution Items", "Solution Items", "{9E719F86-38C3-4757-8374-D43D3E0DC84C}"
	ProjectSection(SolutionItems) = preProject
		NuGet.Config = NuGet.Config
		README.md = README.md
	EndProjectSection
EndProject
Project("{2150E333-8FDC-42A3-9474-1A3956D46DE8}") = "src", "src", "{6200D8F1-A927-4544-BDE3-C8129096815F}"
EndProject
Project("{2150E333-8FDC-42A3-9474-1A3956D46DE8}") = "test", "test", "{F510E133-8F1F-4055-BAFE-E1EA7C17A59A}"
EndProject
Project("{9A19103F-16F7-4668-BE54-9A1E7A4F7556}") = "NetStandard13Library", "src\NetStandard13Library\NetStandard13Library.csproj", "{83AC69CD-800D-41AA-B3EE-D607E62924B6}"
EndProject
Project("{9A19103F-16F7-4668-BE54-9A1E7A4F7556}") = "NetCore10Tests", "test\NetCore10Tests\NetCore10Tests.csproj", "{F6EF312B-3EA2-496E-A24C-71792368EFA4}"
EndProject
Project("{9A19103F-16F7-4668-BE54-9A1E7A4F7556}") = "NetCore11Tests", "test\NetCore11Tests\NetCore11Tests.csproj", "{8FE014FC-0213-47FD-8F9E-6A4C916E95BD}"
EndProject
Project("{9A19103F-16F7-4668-BE54-9A1E7A4F7556}") = "NUnitClrNewStyleTests", "test\NUnitClrNewStyleTests\NUnitClrNewStyleTests.csproj", "{4E0974E6-0936-43AE-BDC0-D5941011FFD1}"
EndProject
Project("{FAE04EC0-301F-11D3-BF4B-00C04F79EFBC}") = "NUnitClrTests", "test\NUnitClrTests\NUnitClrTests.csproj", "{8EDF4429-251A-416D-BB68-93F227191BCF}"
EndProject
Project("{9A19103F-16F7-4668-BE54-9A1E7A4F7556}") = "NetStandard16Library", "src\NetStandard16Library\NetStandard16Library.csproj", "{9AB90F48-37DB-4BC6-A5C2-0F45A2F28DA2}"
EndProject
Project("{9A19103F-16F7-4668-BE54-9A1E7A4F7556}") = "NetCoreApp11", "src\NetCoreApp11\NetCoreApp11.csproj", "{A96461A7-CF99-43FE-AE72-0B741140843D}"
EndProject
Project("{9A19103F-16F7-4668-BE54-9A1E7A4F7556}") = "NetCore11RefNetCore11Tests", "test\NetCore11RefNetCore11Tests\NetCore11RefNetCore11Tests.csproj", "{9AF12350-FC1A-4FDD-946C-D108DFFBD992}"
EndProject
Project("{9A19103F-16F7-4668-BE54-9A1E7A4F7556}") = "MultiTargetTests", "test\MultiTargetTests\MultiTargetTests.csproj", "{6EDE819D-9646-442A-BA66-9268286B481C}"
EndProject
Project("{FAE04EC0-301F-11D3-BF4B-00C04F79EFBC}") = "Net35Tests", "test\Net35Tests\Net35Tests.csproj", "{795957CC-4E94-4EE2-BE62-367E84063653}"
EndProject
Project("{FAE04EC0-301F-11D3-BF4B-00C04F79EFBC}") = "NetCore20Tests", "test\NetCore20Tests\NetCore20Tests.csproj", "{81A8CEB6-0066-4195-B398-3B5C24C94C37}"
EndProject
Project("{FAE04EC0-301F-11D3-BF4B-00C04F79EFBC}") = "NetStandard20Library", "src\NetStandard20Library\NetStandard20Library.csproj", "{28E7B7EE-F8DA-4842-8670-0B81AE51DB6B}"
EndProject
Global
	GlobalSection(SolutionConfigurationPlatforms) = preSolution
		Debug|Any CPU = Debug|Any CPU
		Release|Any CPU = Release|Any CPU
	EndGlobalSection
	GlobalSection(ProjectConfigurationPlatforms) = postSolution
		{83AC69CD-800D-41AA-B3EE-D607E62924B6}.Debug|Any CPU.ActiveCfg = Debug|Any CPU
		{83AC69CD-800D-41AA-B3EE-D607E62924B6}.Debug|Any CPU.Build.0 = Debug|Any CPU
		{83AC69CD-800D-41AA-B3EE-D607E62924B6}.Release|Any CPU.ActiveCfg = Release|Any CPU
		{83AC69CD-800D-41AA-B3EE-D607E62924B6}.Release|Any CPU.Build.0 = Release|Any CPU
		{F6EF312B-3EA2-496E-A24C-71792368EFA4}.Debug|Any CPU.ActiveCfg = Debug|Any CPU
		{F6EF312B-3EA2-496E-A24C-71792368EFA4}.Debug|Any CPU.Build.0 = Debug|Any CPU
		{F6EF312B-3EA2-496E-A24C-71792368EFA4}.Release|Any CPU.ActiveCfg = Release|Any CPU
		{F6EF312B-3EA2-496E-A24C-71792368EFA4}.Release|Any CPU.Build.0 = Release|Any CPU
		{8FE014FC-0213-47FD-8F9E-6A4C916E95BD}.Debug|Any CPU.ActiveCfg = Debug|Any CPU
		{8FE014FC-0213-47FD-8F9E-6A4C916E95BD}.Debug|Any CPU.Build.0 = Debug|Any CPU
		{8FE014FC-0213-47FD-8F9E-6A4C916E95BD}.Release|Any CPU.ActiveCfg = Release|Any CPU
		{8FE014FC-0213-47FD-8F9E-6A4C916E95BD}.Release|Any CPU.Build.0 = Release|Any CPU
		{4E0974E6-0936-43AE-BDC0-D5941011FFD1}.Debug|Any CPU.ActiveCfg = Debug|Any CPU
		{4E0974E6-0936-43AE-BDC0-D5941011FFD1}.Debug|Any CPU.Build.0 = Debug|Any CPU
		{4E0974E6-0936-43AE-BDC0-D5941011FFD1}.Release|Any CPU.ActiveCfg = Release|Any CPU
		{4E0974E6-0936-43AE-BDC0-D5941011FFD1}.Release|Any CPU.Build.0 = Release|Any CPU
		{8EDF4429-251A-416D-BB68-93F227191BCF}.Debug|Any CPU.ActiveCfg = Debug|Any CPU
		{8EDF4429-251A-416D-BB68-93F227191BCF}.Debug|Any CPU.Build.0 = Debug|Any CPU
		{8EDF4429-251A-416D-BB68-93F227191BCF}.Release|Any CPU.ActiveCfg = Release|Any CPU
		{8EDF4429-251A-416D-BB68-93F227191BCF}.Release|Any CPU.Build.0 = Release|Any CPU
		{9AB90F48-37DB-4BC6-A5C2-0F45A2F28DA2}.Debug|Any CPU.ActiveCfg = Debug|Any CPU
		{9AB90F48-37DB-4BC6-A5C2-0F45A2F28DA2}.Debug|Any CPU.Build.0 = Debug|Any CPU
		{9AB90F48-37DB-4BC6-A5C2-0F45A2F28DA2}.Release|Any CPU.ActiveCfg = Release|Any CPU
		{9AB90F48-37DB-4BC6-A5C2-0F45A2F28DA2}.Release|Any CPU.Build.0 = Release|Any CPU
		{A96461A7-CF99-43FE-AE72-0B741140843D}.Debug|Any CPU.ActiveCfg = Debug|Any CPU
		{A96461A7-CF99-43FE-AE72-0B741140843D}.Debug|Any CPU.Build.0 = Debug|Any CPU
		{A96461A7-CF99-43FE-AE72-0B741140843D}.Release|Any CPU.ActiveCfg = Release|Any CPU
		{A96461A7-CF99-43FE-AE72-0B741140843D}.Release|Any CPU.Build.0 = Release|Any CPU
		{9AF12350-FC1A-4FDD-946C-D108DFFBD992}.Debug|Any CPU.ActiveCfg = Debug|Any CPU
		{9AF12350-FC1A-4FDD-946C-D108DFFBD992}.Debug|Any CPU.Build.0 = Debug|Any CPU
		{9AF12350-FC1A-4FDD-946C-D108DFFBD992}.Release|Any CPU.ActiveCfg = Release|Any CPU
		{9AF12350-FC1A-4FDD-946C-D108DFFBD992}.Release|Any CPU.Build.0 = Release|Any CPU
		{6EDE819D-9646-442A-BA66-9268286B481C}.Debug|Any CPU.ActiveCfg = Debug|Any CPU
		{6EDE819D-9646-442A-BA66-9268286B481C}.Debug|Any CPU.Build.0 = Debug|Any CPU
		{6EDE819D-9646-442A-BA66-9268286B481C}.Release|Any CPU.ActiveCfg = Release|Any CPU
		{6EDE819D-9646-442A-BA66-9268286B481C}.Release|Any CPU.Build.0 = Release|Any CPU
		{795957CC-4E94-4EE2-BE62-367E84063653}.Debug|Any CPU.ActiveCfg = Debug|Any CPU
		{795957CC-4E94-4EE2-BE62-367E84063653}.Debug|Any CPU.Build.0 = Debug|Any CPU
		{795957CC-4E94-4EE2-BE62-367E84063653}.Release|Any CPU.ActiveCfg = Release|Any CPU
		{795957CC-4E94-4EE2-BE62-367E84063653}.Release|Any CPU.Build.0 = Release|Any CPU
		{81A8CEB6-0066-4195-B398-3B5C24C94C37}.Debug|Any CPU.ActiveCfg = Debug|Any CPU
		{81A8CEB6-0066-4195-B398-3B5C24C94C37}.Debug|Any CPU.Build.0 = Debug|Any CPU
		{81A8CEB6-0066-4195-B398-3B5C24C94C37}.Release|Any CPU.ActiveCfg = Release|Any CPU
		{81A8CEB6-0066-4195-B398-3B5C24C94C37}.Release|Any CPU.Build.0 = Release|Any CPU
		{28E7B7EE-F8DA-4842-8670-0B81AE51DB6B}.Debug|Any CPU.ActiveCfg = Debug|Any CPU
		{28E7B7EE-F8DA-4842-8670-0B81AE51DB6B}.Debug|Any CPU.Build.0 = Debug|Any CPU
		{28E7B7EE-F8DA-4842-8670-0B81AE51DB6B}.Release|Any CPU.ActiveCfg = Release|Any CPU
		{28E7B7EE-F8DA-4842-8670-0B81AE51DB6B}.Release|Any CPU.Build.0 = Release|Any CPU
	EndGlobalSection
	GlobalSection(SolutionProperties) = preSolution
		HideSolutionNode = FALSE
	EndGlobalSection
	GlobalSection(NestedProjects) = preSolution
		{83AC69CD-800D-41AA-B3EE-D607E62924B6} = {6200D8F1-A927-4544-BDE3-C8129096815F}
		{F6EF312B-3EA2-496E-A24C-71792368EFA4} = {F510E133-8F1F-4055-BAFE-E1EA7C17A59A}
		{8FE014FC-0213-47FD-8F9E-6A4C916E95BD} = {F510E133-8F1F-4055-BAFE-E1EA7C17A59A}
		{4E0974E6-0936-43AE-BDC0-D5941011FFD1} = {F510E133-8F1F-4055-BAFE-E1EA7C17A59A}
		{8EDF4429-251A-416D-BB68-93F227191BCF} = {F510E133-8F1F-4055-BAFE-E1EA7C17A59A}
		{9AB90F48-37DB-4BC6-A5C2-0F45A2F28DA2} = {6200D8F1-A927-4544-BDE3-C8129096815F}
		{A96461A7-CF99-43FE-AE72-0B741140843D} = {6200D8F1-A927-4544-BDE3-C8129096815F}
		{9AF12350-FC1A-4FDD-946C-D108DFFBD992} = {F510E133-8F1F-4055-BAFE-E1EA7C17A59A}
		{6EDE819D-9646-442A-BA66-9268286B481C} = {F510E133-8F1F-4055-BAFE-E1EA7C17A59A}
		{795957CC-4E94-4EE2-BE62-367E84063653} = {F510E133-8F1F-4055-BAFE-E1EA7C17A59A}
		{81A8CEB6-0066-4195-B398-3B5C24C94C37} = {F510E133-8F1F-4055-BAFE-E1EA7C17A59A}
		{28E7B7EE-F8DA-4842-8670-0B81AE51DB6B} = {6200D8F1-A927-4544-BDE3-C8129096815F}
	EndGlobalSection
	GlobalSection(ExtensibilityGlobals) = postSolution
		SolutionGuid = {C14C1CD5-4F57-4EB8-B2CE-7D0D92DB3E4D}
	EndGlobalSection
EndGlobal
